
Microsoft Visual Studio Solution File, Format Version 12.00
# Visual Studio Version 17
VisualStudioVersion = 17.4.33213.308
MinimumVisualStudioVersion = 10.0.40219.1
Project("{FAE04EC0-301F-11D3-BF4B-00C04F79EFBC}") = "ConsoleApp2", "ConsoleApp2\ConsoleApp2.csproj", "{653E63A1-5993-4E2C-856B-49FA18A80896}"
EndProject
Global
	GlobalSection(SolutionConfigurationPlatforms) = preSolution
		Debug|Any CPU = Debug|Any CPU
		Release|Any CPU = Release|Any CPU
	EndGlobalSection
	GlobalSection(ProjectConfigurationPlatforms) = postSolution
		{653E63A1-5993-4E2C-856B-49FA18A80896}.Debug|Any CPU.ActiveCfg = Debug|Any CPU
		{653E63A1-5993-4E2C-856B-49FA18A80896}.Debug|Any CPU.Build.0 = Debug|Any CPU
		{653E63A1-5993-4E2C-856B-49FA18A80896}.Release|Any CPU.ActiveCfg = Release|Any CPU
		{653E63A1-5993-4E2C-856B-49FA18A80896}.Release|Any CPU.Build.0 = Release|Any CPU
	EndGlobalSection
	GlobalSection(SolutionProperties) = preSolution
		HideSolutionNode = FALSE
	EndGlobalSection
	GlobalSection(ExtensibilityGlobals) = postSolution
		SolutionGuid = {CC575D87-3E5F-42A4-9609-5FCC20BB5E7A}
	EndGlobalSection
EndGlobal
